# Prisma Migrate lockfile v1

20201107023636-init
20201107081736-add-more-tables
20201107141035-update-user
20201108110222-update-storage
20201108131930-update-store
20201108134856-update
20201111120117-final-rough-db
20201113140935-update-db
20201114070011-final-items
20201114085151-remove-json
20201114085304-update
20201118112712-add-keyword-for-item
20201118113657-sss
20201118214245-add-index
20201121141701-develop-renting-item-request
20201121233645-add-refresh-token
20201121235222-unique-refresh-token
20201122231311-renting-item-request
20201122231749-add-index-for-renting-item-request
20201123214847-update
20201123224930-update
20201129135332-add-default-options-for-area-and-categories
20201130214335-storage
20201202130029-storagfe
20201207082903-update-wishing--contact
20201207084528-add-index-in-wishing-item-and-my-contact
20201209001855-update-user-info
20201209002208-update-user-auth
20201209120107-update-user
20201210000756-updae
20201211064731-update
20201211132802-update-review-schema
20201211134733-update
20201211134821-update
20201211135235-update
20201211140150-update
20201212111358-implement-search-keywork
20201212133928-search-keyword