# Prisma Migrate lockfile v1

20201107023636-init
20201107081736-add-more-tables
20201107141035-update-user
20201108110222-update-storage
20201108131930-update-store
20201108134856-update
20201111120117-final-rough-db
20201113140935-update-db
20201114070011-final-items
20201114085151-remove-json
20201114085304-update
20201118112712-add-keyword-for-item
20201118113657-sss